
Microsoft Visual Studio Solution File, Format Version 12.00
# Visual Studio Version 17
VisualStudioVersion = 17.7.34221.43
MinimumVisualStudioVersion = 10.0.40219.1
Project("{2150E333-8FDC-42A3-9474-1A3956D46DE8}") = "corePackages", "corePackages", "{1ACEFF4A-209C-4BC8-8D14-7F97649561C4}"
EndProject
Project("{2150E333-8FDC-42A3-9474-1A3956D46DE8}") = "pempati", "pempati", "{4FBE214E-8F8B-4B6D-AF67-D3F40F01A8DC}"
EndProject
Project("{FAE04EC0-301F-11D3-BF4B-00C04F79EFBC}") = "Core.Application", "Core.Application\Core.Application.csproj", "{91FDFCAD-510A-42DE-96DB-BF35BBE6D6CF}"
EndProject
Project("{FAE04EC0-301F-11D3-BF4B-00C04F79EFBC}") = "Core.CrossCuttingConcerns", "Core.CrossCuttingConcerns\Core.CrossCuttingConcerns.csproj", "{9F19E2C0-47FA-4870-B694-D3867A97B6CE}"
EndProject
Project("{FAE04EC0-301F-11D3-BF4B-00C04F79EFBC}") = "Core.ElasticSearch", "Core.ElasticSearch\Core.ElasticSearch.csproj", "{8818AA4E-788B-438A-814F-469355879F77}"
EndProject
Project("{FAE04EC0-301F-11D3-BF4B-00C04F79EFBC}") = "Core.Mailing", "Core.Mailing\Core.Mailing.csproj", "{68CA14D9-1F70-4694-AE20-A5A812DBCEA9}"
EndProject
Project("{FAE04EC0-301F-11D3-BF4B-00C04F79EFBC}") = "Core.Persistence", "Core.Persistence\Core.Persistence.csproj", "{DAFEB49F-D484-487B-86A0-F556D9ABA7F4}"
EndProject
Project("{FAE04EC0-301F-11D3-BF4B-00C04F79EFBC}") = "Core.Security", "Core.Security\Core.Security.csproj", "{B8059AFF-9B8C-4747-8F3A-87E6846E2949}"
EndProject
Project("{FAE04EC0-301F-11D3-BF4B-00C04F79EFBC}") = "Core.Test", "Core.Test\Core.Test.csproj", "{06664BF6-C139-4483-8DB9-D49551596D68}"
EndProject
Project("{FAE04EC0-301F-11D3-BF4B-00C04F79EFBC}") = "Core.WebAPI", "Core.WebAPI\Core.WebAPI.csproj", "{73A995E3-98B8-4BD6-9C79-91AACEAE2C57}"
EndProject
Project("{FAE04EC0-301F-11D3-BF4B-00C04F79EFBC}") = "Application", "Application\Application.csproj", "{32D71E93-40A7-4B2C-A254-10DDC264F1A6}"
EndProject
Project("{FAE04EC0-301F-11D3-BF4B-00C04F79EFBC}") = "Persistence", "Persistence\Persistence.csproj", "{2ED4F054-91B0-4CF2-98AA-EA6E9BE364D4}"
EndProject
Project("{FAE04EC0-301F-11D3-BF4B-00C04F79EFBC}") = "Domain", "Domain\Domain.csproj", "{CC7EAFDF-3FFF-4D44-A1DC-1EE48709C17A}"
EndProject
Project("{FAE04EC0-301F-11D3-BF4B-00C04F79EFBC}") = "Infrastructure", "Infrastructure\Infrastructure.csproj", "{2ED5E2FA-C162-4DBF-9E2F-00119B42B0F5}"
EndProject
Project("{FAE04EC0-301F-11D3-BF4B-00C04F79EFBC}") = "WebAPI", "WebAPI\WebAPI.csproj", "{0455FA6E-3593-496B-8DEC-F559E62ED4B4}"
EndProject
Global
	GlobalSection(SolutionConfigurationPlatforms) = preSolution
		Debug|Any CPU = Debug|Any CPU
		Release|Any CPU = Release|Any CPU
	EndGlobalSection
	GlobalSection(ProjectConfigurationPlatforms) = postSolution
		{91FDFCAD-510A-42DE-96DB-BF35BBE6D6CF}.Debug|Any CPU.ActiveCfg = Debug|Any CPU
		{91FDFCAD-510A-42DE-96DB-BF35BBE6D6CF}.Debug|Any CPU.Build.0 = Debug|Any CPU
		{91FDFCAD-510A-42DE-96DB-BF35BBE6D6CF}.Release|Any CPU.ActiveCfg = Release|Any CPU
		{91FDFCAD-510A-42DE-96DB-BF35BBE6D6CF}.Release|Any CPU.Build.0 = Release|Any CPU
		{9F19E2C0-47FA-4870-B694-D3867A97B6CE}.Debug|Any CPU.ActiveCfg = Debug|Any CPU
		{9F19E2C0-47FA-4870-B694-D3867A97B6CE}.Debug|Any CPU.Build.0 = Debug|Any CPU
		{9F19E2C0-47FA-4870-B694-D3867A97B6CE}.Release|Any CPU.ActiveCfg = Release|Any CPU
		{9F19E2C0-47FA-4870-B694-D3867A97B6CE}.Release|Any CPU.Build.0 = Release|Any CPU
		{8818AA4E-788B-438A-814F-469355879F77}.Debug|Any CPU.ActiveCfg = Debug|Any CPU
		{8818AA4E-788B-438A-814F-469355879F77}.Debug|Any CPU.Build.0 = Debug|Any CPU
		{8818AA4E-788B-438A-814F-469355879F77}.Release|Any CPU.ActiveCfg = Release|Any CPU
		{8818AA4E-788B-438A-814F-469355879F77}.Release|Any CPU.Build.0 = Release|Any CPU
		{68CA14D9-1F70-4694-AE20-A5A812DBCEA9}.Debug|Any CPU.ActiveCfg = Debug|Any CPU
		{68CA14D9-1F70-4694-AE20-A5A812DBCEA9}.Debug|Any CPU.Build.0 = Debug|Any CPU
		{68CA14D9-1F70-4694-AE20-A5A812DBCEA9}.Release|Any CPU.ActiveCfg = Release|Any CPU
		{68CA14D9-1F70-4694-AE20-A5A812DBCEA9}.Release|Any CPU.Build.0 = Release|Any CPU
		{DAFEB49F-D484-487B-86A0-F556D9ABA7F4}.Debug|Any CPU.ActiveCfg = Debug|Any CPU
		{DAFEB49F-D484-487B-86A0-F556D9ABA7F4}.Debug|Any CPU.Build.0 = Debug|Any CPU
		{DAFEB49F-D484-487B-86A0-F556D9ABA7F4}.Release|Any CPU.ActiveCfg = Release|Any CPU
		{DAFEB49F-D484-487B-86A0-F556D9ABA7F4}.Release|Any CPU.Build.0 = Release|Any CPU
		{B8059AFF-9B8C-4747-8F3A-87E6846E2949}.Debug|Any CPU.ActiveCfg = Debug|Any CPU
		{B8059AFF-9B8C-4747-8F3A-87E6846E2949}.Debug|Any CPU.Build.0 = Debug|Any CPU
		{B8059AFF-9B8C-4747-8F3A-87E6846E2949}.Release|Any CPU.ActiveCfg = Release|Any CPU
		{B8059AFF-9B8C-4747-8F3A-87E6846E2949}.Release|Any CPU.Build.0 = Release|Any CPU
		{06664BF6-C139-4483-8DB9-D49551596D68}.Debug|Any CPU.ActiveCfg = Debug|Any CPU
		{06664BF6-C139-4483-8DB9-D49551596D68}.Debug|Any CPU.Build.0 = Debug|Any CPU
		{06664BF6-C139-4483-8DB9-D49551596D68}.Release|Any CPU.ActiveCfg = Release|Any CPU
		{06664BF6-C139-4483-8DB9-D49551596D68}.Release|Any CPU.Build.0 = Release|Any CPU
		{73A995E3-98B8-4BD6-9C79-91AACEAE2C57}.Debug|Any CPU.ActiveCfg = Debug|Any CPU
		{73A995E3-98B8-4BD6-9C79-91AACEAE2C57}.Debug|Any CPU.Build.0 = Debug|Any CPU
		{73A995E3-98B8-4BD6-9C79-91AACEAE2C57}.Release|Any CPU.ActiveCfg = Release|Any CPU
		{73A995E3-98B8-4BD6-9C79-91AACEAE2C57}.Release|Any CPU.Build.0 = Release|Any CPU
		{32D71E93-40A7-4B2C-A254-10DDC264F1A6}.Debug|Any CPU.ActiveCfg = Debug|Any CPU
		{32D71E93-40A7-4B2C-A254-10DDC264F1A6}.Debug|Any CPU.Build.0 = Debug|Any CPU
		{32D71E93-40A7-4B2C-A254-10DDC264F1A6}.Release|Any CPU.ActiveCfg = Release|Any CPU
		{32D71E93-40A7-4B2C-A254-10DDC264F1A6}.Release|Any CPU.Build.0 = Release|Any CPU
		{2ED4F054-91B0-4CF2-98AA-EA6E9BE364D4}.Debug|Any CPU.ActiveCfg = Debug|Any CPU
		{2ED4F054-91B0-4CF2-98AA-EA6E9BE364D4}.Debug|Any CPU.Build.0 = Debug|Any CPU
		{2ED4F054-91B0-4CF2-98AA-EA6E9BE364D4}.Release|Any CPU.ActiveCfg = Release|Any CPU
		{2ED4F054-91B0-4CF2-98AA-EA6E9BE364D4}.Release|Any CPU.Build.0 = Release|Any CPU
		{CC7EAFDF-3FFF-4D44-A1DC-1EE48709C17A}.Debug|Any CPU.ActiveCfg = Debug|Any CPU
		{CC7EAFDF-3FFF-4D44-A1DC-1EE48709C17A}.Debug|Any CPU.Build.0 = Debug|Any CPU
		{CC7EAFDF-3FFF-4D44-A1DC-1EE48709C17A}.Release|Any CPU.ActiveCfg = Release|Any CPU
		{CC7EAFDF-3FFF-4D44-A1DC-1EE48709C17A}.Release|Any CPU.Build.0 = Release|Any CPU
		{2ED5E2FA-C162-4DBF-9E2F-00119B42B0F5}.Debug|Any CPU.ActiveCfg = Debug|Any CPU
		{2ED5E2FA-C162-4DBF-9E2F-00119B42B0F5}.Debug|Any CPU.Build.0 = Debug|Any CPU
		{2ED5E2FA-C162-4DBF-9E2F-00119B42B0F5}.Release|Any CPU.ActiveCfg = Release|Any CPU
		{2ED5E2FA-C162-4DBF-9E2F-00119B42B0F5}.Release|Any CPU.Build.0 = Release|Any CPU
		{0455FA6E-3593-496B-8DEC-F559E62ED4B4}.Debug|Any CPU.ActiveCfg = Debug|Any CPU
		{0455FA6E-3593-496B-8DEC-F559E62ED4B4}.Debug|Any CPU.Build.0 = Debug|Any CPU
		{0455FA6E-3593-496B-8DEC-F559E62ED4B4}.Release|Any CPU.ActiveCfg = Release|Any CPU
		{0455FA6E-3593-496B-8DEC-F559E62ED4B4}.Release|Any CPU.Build.0 = Release|Any CPU
	EndGlobalSection
	GlobalSection(SolutionProperties) = preSolution
		HideSolutionNode = FALSE
	EndGlobalSection
	GlobalSection(NestedProjects) = preSolution
		{91FDFCAD-510A-42DE-96DB-BF35BBE6D6CF} = {1ACEFF4A-209C-4BC8-8D14-7F97649561C4}
		{9F19E2C0-47FA-4870-B694-D3867A97B6CE} = {1ACEFF4A-209C-4BC8-8D14-7F97649561C4}
		{8818AA4E-788B-438A-814F-469355879F77} = {1ACEFF4A-209C-4BC8-8D14-7F97649561C4}
		{68CA14D9-1F70-4694-AE20-A5A812DBCEA9} = {1ACEFF4A-209C-4BC8-8D14-7F97649561C4}
		{DAFEB49F-D484-487B-86A0-F556D9ABA7F4} = {1ACEFF4A-209C-4BC8-8D14-7F97649561C4}
		{B8059AFF-9B8C-4747-8F3A-87E6846E2949} = {1ACEFF4A-209C-4BC8-8D14-7F97649561C4}
		{06664BF6-C139-4483-8DB9-D49551596D68} = {1ACEFF4A-209C-4BC8-8D14-7F97649561C4}
		{73A995E3-98B8-4BD6-9C79-91AACEAE2C57} = {1ACEFF4A-209C-4BC8-8D14-7F97649561C4}
		{32D71E93-40A7-4B2C-A254-10DDC264F1A6} = {4FBE214E-8F8B-4B6D-AF67-D3F40F01A8DC}
		{2ED4F054-91B0-4CF2-98AA-EA6E9BE364D4} = {4FBE214E-8F8B-4B6D-AF67-D3F40F01A8DC}
		{CC7EAFDF-3FFF-4D44-A1DC-1EE48709C17A} = {4FBE214E-8F8B-4B6D-AF67-D3F40F01A8DC}
		{2ED5E2FA-C162-4DBF-9E2F-00119B42B0F5} = {4FBE214E-8F8B-4B6D-AF67-D3F40F01A8DC}
		{0455FA6E-3593-496B-8DEC-F559E62ED4B4} = {4FBE214E-8F8B-4B6D-AF67-D3F40F01A8DC}
	EndGlobalSection
	GlobalSection(ExtensibilityGlobals) = postSolution
		SolutionGuid = {08DB439B-A7B5-47F0-B6B0-40F85B2E08E9}
	EndGlobalSection
EndGlobal
